<?xml version="1.0" encoding="utf-8"?>
<Project ToolsVersion="4.0" xmlns="http://schemas.microsoft.com/developer/msbuild/2003">
  <ItemGroup>
    <Filter Include="源文件">
      <UniqueIdentifier>{4FC737F1-C7A5-4376-A066-2A32D752A2FF}</UniqueIdentifier>
      <Extensions>cpp;c;cc;cxx;c++;cppm;ixx;def;odl;idl;hpj;bat;asm;asmx</Extensions>
    </Filter>
    <Filter Include="头文件">
      <UniqueIdentifier>{93995380-89BD-4b04-88EB-625FBE52EBFB}</UniqueIdentifier>
      <Extensions>h;hh;hpp;hxx;h++;hm;inl;inc;ipp;xsd</Extensions>
    </Filter>
    <Filter Include="资源文件">
      <UniqueIdentifier>{67DA6AB6-F800-4c08-8B7A-83BB121AAD01}</UniqueIdentifier>
      <Extensions>rc;ico;cur;bmp;dlg;rc2;rct;bin;rgs;gif;jpg;jpeg;jpe;resx;tiff;tif;png;wav;mfcribbon-ms</Extensions>
    </Filter>
    <Filter Include="源文件\TextTure">
      <UniqueIdentifier>{da15627a-2691-4480-ba19-ab68c8fe184e}</UniqueIdentifier>
    </Filter>
  </ItemGroup>
  <ItemGroup>
    <ClCompile Include="main.cpp">
      <Filter>源文件</Filter>
    </ClCompile>
    <ClCompile Include="GetImage.cpp">
      <Filter>源文件</Filter>
    </ClCompile>
    <ClCompile Include="MathTest.cpp">
      <Filter>源文件</Filter>
    </ClCompile>
    <ClCompile Include="Ray.cpp">
      <Filter>源文件</Filter>
    </ClCompile>
    <ClCompile Include="Hittable.cpp">
      <Filter>源文件</Filter>
    </ClCompile>
    <ClCompile Include="Sphere.cpp">
      <Filter>源文件</Filter>
    </ClCompile>
    <ClCompile Include="..\..\Third\use\glad\src\glad.c">
      <Filter>源文件</Filter>
    </ClCompile>
    <ClCompile Include="Gltest.cpp">
      <Filter>源文件</Filter>
    </ClCompile>
    <ClCompile Include="Gluttest.cpp">
      <Filter>源文件</Filter>
    </ClCompile>
    <ClCompile Include="HitTableList.cpp">
      <Filter>源文件</Filter>
    </ClCompile>
    <ClCompile Include="Camear.cpp">
      <Filter>源文件</Filter>
    </ClCompile>
    <ClCompile Include="Vec3.cpp">
      <Filter>源文件</Filter>
    </ClCompile>
    <ClCompile Include="material.cpp">
      <Filter>源文件</Filter>
    </ClCompile>
    <ClCompile Include="Lambertian.cpp">
      <Filter>源文件</Filter>
    </ClCompile>
    <ClCompile Include="Metal.cpp">
      <Filter>源文件</Filter>
    </ClCompile>
    <ClCompile Include="Dielectric.cpp">
      <Filter>源文件</Filter>
    </ClCompile>
    <ClCompile Include="logger.cpp">
      <Filter>源文件</Filter>
    </ClCompile>
    <ClCompile Include="MoveSphere.cpp">
      <Filter>源文件</Filter>
    </ClCompile>
    <ClCompile Include="AABB.cpp">
      <Filter>源文件</Filter>
    </ClCompile>
    <ClCompile Include="BvhNode.cpp">
      <Filter>源文件</Filter>
    </ClCompile>
    <ClCompile Include="Texture.cpp">
      <Filter>源文件</Filter>
    </ClCompile>
    <ClCompile Include="CheckerTexture.cpp">
      <Filter>源文件</Filter>
    </ClCompile>
    <ClCompile Include="PerlinNoise.cpp">
      <Filter>源文件</Filter>
    </ClCompile>
    <ClCompile Include="PerlinNoiseTexture.cpp">
      <Filter>源文件</Filter>
    </ClCompile>
    <ClCompile Include="ImageTexture.cpp">
      <Filter>源文件</Filter>
    </ClCompile>
    <ClCompile Include="DiffuseLight.cpp">
      <Filter>源文件</Filter>
    </ClCompile>
    <ClCompile Include="XYRect.cpp">
      <Filter>源文件</Filter>
    </ClCompile>
    <ClCompile Include="XZRect.cpp">
      <Filter>源文件</Filter>
    </ClCompile>
    <ClCompile Include="YZRect.cpp">
      <Filter>源文件</Filter>
    </ClCompile>
    <ClCompile Include="Box.cpp">
      <Filter>源文件</Filter>
    </ClCompile>
    <ClCompile Include="Translate.cpp">
      <Filter>源文件</Filter>
    </ClCompile>
    <ClCompile Include="RotateY.cpp">
      <Filter>源文件</Filter>
    </ClCompile>
    <ClCompile Include="ConstantMedium.cpp">
      <Filter>源文件</Filter>
    </ClCompile>
    <ClCompile Include="Isotropic.cpp">
      <Filter>源文件</Filter>
    </ClCompile>
  </ItemGroup>
  <ItemGroup>
    <ClInclude Include="GetImage.h">
      <Filter>头文件</Filter>
    </ClInclude>
    <ClInclude Include="Vec3.h">
      <Filter>头文件</Filter>
    </ClInclude>
    <ClInclude Include="MathTest.h">
      <Filter>头文件</Filter>
    </ClInclude>
    <ClInclude Include="Color.h">
      <Filter>头文件</Filter>
    </ClInclude>
    <ClInclude Include="Ray.h">
      <Filter>头文件</Filter>
    </ClInclude>
    <ClInclude Include="Hittable.h">
      <Filter>头文件</Filter>
    </ClInclude>
    <ClInclude Include="Sphere.h">
      <Filter>头文件</Filter>
    </ClInclude>
    <ClInclude Include="Gltest.h">
      <Filter>头文件</Filter>
    </ClInclude>
    <ClInclude Include="Gluttest.h">
      <Filter>头文件</Filter>
    </ClInclude>
    <ClInclude Include="HitTableList.h">
      <Filter>头文件</Filter>
    </ClInclude>
    <ClInclude Include="RTWeekend.h">
      <Filter>头文件</Filter>
    </ClInclude>
    <ClInclude Include="Camera.h">
      <Filter>头文件</Filter>
    </ClInclude>
    <ClInclude Include="Material.h">
      <Filter>头文件</Filter>
    </ClInclude>
    <ClInclude Include="Lambertian.h">
      <Filter>头文件</Filter>
    </ClInclude>
    <ClInclude Include="Metal.h">
      <Filter>头文件</Filter>
    </ClInclude>
    <ClInclude Include="Dielectric.h">
      <Filter>头文件</Filter>
    </ClInclude>
    <ClInclude Include="logger.h">
      <Filter>头文件</Filter>
    </ClInclude>
    <ClInclude Include="MoveSphere.h">
      <Filter>头文件</Filter>
    </ClInclude>
    <ClInclude Include="AABB.h">
      <Filter>头文件</Filter>
    </ClInclude>
    <ClInclude Include="BvhNode.h">
      <Filter>头文件</Filter>
    </ClInclude>
    <ClInclude Include="Texture.h">
      <Filter>头文件</Filter>
    </ClInclude>
    <ClInclude Include="CheckerTexture.h">
      <Filter>头文件</Filter>
    </ClInclude>
    <ClInclude Include="PerlinNoise.h">
      <Filter>头文件</Filter>
    </ClInclude>
    <ClInclude Include="PerlinNoiseTexture.h">
      <Filter>头文件</Filter>
    </ClInclude>
    <ClInclude Include="ImageTexture.h">
      <Filter>头文件</Filter>
    </ClInclude>
    <ClInclude Include="RT_stb_image.h">
      <Filter>头文件</Filter>
    </ClInclude>
    <ClInclude Include="DiffuseLight.h">
      <Filter>头文件</Filter>
    </ClInclude>
    <ClInclude Include="XYRect.h">
      <Filter>头文件</Filter>
    </ClInclude>
    <ClInclude Include="XZRect.h">
      <Filter>头文件</Filter>
    </ClInclude>
    <ClInclude Include="YZRect.h">
      <Filter>头文件</Filter>
    </ClInclude>
    <ClInclude Include="Box.h">
      <Filter>头文件</Filter>
    </ClInclude>
    <ClInclude Include="Translate.h">
      <Filter>头文件</Filter>
    </ClInclude>
    <ClInclude Include="RotateY.h">
      <Filter>头文件</Filter>
    </ClInclude>
    <ClInclude Include="ConstantMedium.h">
      <Filter>头文件</Filter>
    </ClInclude>
    <ClInclude Include="Isotropic.h">
      <Filter>头文件</Filter>
    </ClInclude>
  </ItemGroup>
  <ItemGroup>
    <Image Include="..\..\Source\1.png">
      <Filter>资源文件</Filter>
    </Image>
    <Image Include="..\..\Source\2.jpg">
      <Filter>资源文件</Filter>
    </Image>
  </ItemGroup>
</Project>